// !$*UTF8*$!
{
	archiveVersion = 1;
	classes = {
	};
	objectVersion = 55;
	objects = {

/* Begin PBXBuildFile section */
		2C41F67C2760D96300310645 /* List_CatsApp.swift in Sources */ = {isa = PBXBuildFile; fileRef = 2C41F67B2760D96300310645 /* List_CatsApp.swift */; };
		2C41F67E2760D96300310645 /* ContentView.swift in Sources */ = {isa = PBXBuildFile; fileRef = 2C41F67D2760D96300310645 /* ContentView.swift */; };
		2C41F6802760D96800310645 /* Assets.xcassets in Resources */ = {isa = PBXBuildFile; fileRef = 2C41F67F2760D96800310645 /* Assets.xcassets */; };
		2C41F6832760D96800310645 /* Preview Assets.xcassets in Resources */ = {isa = PBXBuildFile; fileRef = 2C41F6822760D96800310645 /* Preview Assets.xcassets */; };
		2C41F68D2760D96800310645 /* List_CatsTests.swift in Sources */ = {isa = PBXBuildFile; fileRef = 2C41F68C2760D96800310645 /* List_CatsTests.swift */; };
		2C41F6972760D96800310645 /* List_CatsUITests.swift in Sources */ = {isa = PBXBuildFile; fileRef = 2C41F6962760D96800310645 /* List_CatsUITests.swift */; };
		2C41F6992760D96800310645 /* List_CatsUITestsLaunchTests.swift in Sources */ = {isa = PBXBuildFile; fileRef = 2C41F6982760D96800310645 /* List_CatsUITestsLaunchTests.swift */; };
		2C41F6AE2760E3B500310645 /* CatCell.swift in Sources */ = {isa = PBXBuildFile; fileRef = 2C41F6AD2760E3B500310645 /* CatCell.swift */; };
		2C41F6B42760F46000310645 /* dataForCats.json in Resources */ = {isa = PBXBuildFile; fileRef = 2C41F6B32760F46000310645 /* dataForCats.json */; };
		2C41F6B72760F58A00310645 /* Data.swift in Sources */ = {isa = PBXBuildFile; fileRef = 2C41F6B62760F58A00310645 /* Data.swift */; };
		2C41F6B92760F78100310645 /* UserReponse.swift in Sources */ = {isa = PBXBuildFile; fileRef = 2C41F6B82760F78100310645 /* UserReponse.swift */; };
		2C41F6BD2761402A00310645 /* ViewModelCats.swift in Sources */ = {isa = PBXBuildFile; fileRef = 2C41F6BC2761402A00310645 /* ViewModelCats.swift */; };
		2C41F6BF2761411B00310645 /* Protocols.swift in Sources */ = {isa = PBXBuildFile; fileRef = 2C41F6BE2761411B00310645 /* Protocols.swift */; };
		2C41F6C22761577800310645 /* Constants.swift in Sources */ = {isa = PBXBuildFile; fileRef = 2C41F6C12761577800310645 /* Constants.swift */; };
		2C41F6C4276157FF00310645 /* SizeConstants.swift in Sources */ = {isa = PBXBuildFile; fileRef = 2C41F6C3276157FF00310645 /* SizeConstants.swift */; };
		2C41F6C727615ADA00310645 /* ButtonConstants.swift in Sources */ = {isa = PBXBuildFile; fileRef = 2C41F6C627615ADA00310645 /* ButtonConstants.swift */; };
		2C41F6CA276165A000310645 /* DetailCat.swift in Sources */ = {isa = PBXBuildFile; fileRef = 2C41F6C9276165A000310645 /* DetailCat.swift */; };
		2C41F6CF276168F800310645 /* DetailViewModel.swift in Sources */ = {isa = PBXBuildFile; fileRef = 2C41F6CE276168F800310645 /* DetailViewModel.swift */; };
		2C41F6D12761690800310645 /* ProtocolDetail.swift in Sources */ = {isa = PBXBuildFile; fileRef = 2C41F6D02761690800310645 /* ProtocolDetail.swift */; };
		2C41F6D327616E4300310645 /* TextConstants.swift in Sources */ = {isa = PBXBuildFile; fileRef = 2C41F6D227616E4300310645 /* TextConstants.swift */; };
/* End PBXBuildFile section */

/* Begin PBXContainerItemProxy section */
		2C41F6892760D96800310645 /* PBXContainerItemProxy */ = {
			isa = PBXContainerItemProxy;
			containerPortal = 2C41F6702760D96300310645 /* Project object */;
			proxyType = 1;
			remoteGlobalIDString = 2C41F6772760D96300310645;
			remoteInfo = "List-Cats";
		};
		2C41F6932760D96800310645 /* PBXContainerItemProxy */ = {
			isa = PBXContainerItemProxy;
			containerPortal = 2C41F6702760D96300310645 /* Project object */;
			proxyType = 1;
			remoteGlobalIDString = 2C41F6772760D96300310645;
			remoteInfo = "List-Cats";
		};
/* End PBXContainerItemProxy section */

/* Begin PBXFileReference section */
		2C41F6782760D96300310645 /* List-Cats.app */ = {isa = PBXFileReference; explicitFileType = wrapper.application; includeInIndex = 0; path = "List-Cats.app"; sourceTree = BUILT_PRODUCTS_DIR; };
		2C41F67B2760D96300310645 /* List_CatsApp.swift */ = {isa = PBXFileReference; lastKnownFileType = sourcecode.swift; path = List_CatsApp.swift; sourceTree = "<group>"; };
		2C41F67D2760D96300310645 /* ContentView.swift */ = {isa = PBXFileReference; lastKnownFileType = sourcecode.swift; path = ContentView.swift; sourceTree = "<group>"; };
		2C41F67F2760D96800310645 /* Assets.xcassets */ = {isa = PBXFileReference; lastKnownFileType = folder.assetcatalog; path = Assets.xcassets; sourceTree = "<group>"; };
		2C41F6822760D96800310645 /* Preview Assets.xcassets */ = {isa = PBXFileReference; lastKnownFileType = folder.assetcatalog; path = "Preview Assets.xcassets"; sourceTree = "<group>"; };
		2C41F6882760D96800310645 /* List-CatsTests.xctest */ = {isa = PBXFileReference; explicitFileType = wrapper.cfbundle; includeInIndex = 0; path = "List-CatsTests.xctest"; sourceTree = BUILT_PRODUCTS_DIR; };
		2C41F68C2760D96800310645 /* List_CatsTests.swift */ = {isa = PBXFileReference; lastKnownFileType = sourcecode.swift; path = List_CatsTests.swift; sourceTree = "<group>"; };
		2C41F6922760D96800310645 /* List-CatsUITests.xctest */ = {isa = PBXFileReference; explicitFileType = wrapper.cfbundle; includeInIndex = 0; path = "List-CatsUITests.xctest"; sourceTree = BUILT_PRODUCTS_DIR; };
		2C41F6962760D96800310645 /* List_CatsUITests.swift */ = {isa = PBXFileReference; lastKnownFileType = sourcecode.swift; path = List_CatsUITests.swift; sourceTree = "<group>"; };
		2C41F6982760D96800310645 /* List_CatsUITestsLaunchTests.swift */ = {isa = PBXFileReference; lastKnownFileType = sourcecode.swift; path = List_CatsUITestsLaunchTests.swift; sourceTree = "<group>"; };
		2C41F6AD2760E3B500310645 /* CatCell.swift */ = {isa = PBXFileReference; lastKnownFileType = sourcecode.swift; path = CatCell.swift; sourceTree = "<group>"; };
		2C41F6B32760F46000310645 /* dataForCats.json */ = {isa = PBXFileReference; lastKnownFileType = text.json; path = dataForCats.json; sourceTree = "<group>"; };
		2C41F6B62760F58A00310645 /* Data.swift */ = {isa = PBXFileReference; lastKnownFileType = sourcecode.swift; path = Data.swift; sourceTree = "<group>"; };
		2C41F6B82760F78100310645 /* UserReponse.swift */ = {isa = PBXFileReference; lastKnownFileType = sourcecode.swift; path = UserReponse.swift; sourceTree = "<group>"; };
		2C41F6BC2761402A00310645 /* ViewModelCats.swift */ = {isa = PBXFileReference; lastKnownFileType = sourcecode.swift; path = ViewModelCats.swift; sourceTree = "<group>"; };
		2C41F6BE2761411B00310645 /* Protocols.swift */ = {isa = PBXFileReference; lastKnownFileType = sourcecode.swift; path = Protocols.swift; sourceTree = "<group>"; };
		2C41F6C12761577800310645 /* Constants.swift */ = {isa = PBXFileReference; lastKnownFileType = sourcecode.swift; path = Constants.swift; sourceTree = "<group>"; };
		2C41F6C3276157FF00310645 /* SizeConstants.swift */ = {isa = PBXFileReference; lastKnownFileType = sourcecode.swift; path = SizeConstants.swift; sourceTree = "<group>"; };
		2C41F6C627615ADA00310645 /* ButtonConstants.swift */ = {isa = PBXFileReference; lastKnownFileType = sourcecode.swift; path = ButtonConstants.swift; sourceTree = "<group>"; };
		2C41F6C9276165A000310645 /* DetailCat.swift */ = {isa = PBXFileReference; lastKnownFileType = sourcecode.swift; path = DetailCat.swift; sourceTree = "<group>"; };
		2C41F6CE276168F800310645 /* DetailViewModel.swift */ = {isa = PBXFileReference; lastKnownFileType = sourcecode.swift; path = DetailViewModel.swift; sourceTree = "<group>"; };
		2C41F6D02761690800310645 /* ProtocolDetail.swift */ = {isa = PBXFileReference; lastKnownFileType = sourcecode.swift; path = ProtocolDetail.swift; sourceTree = "<group>"; };
		2C41F6D227616E4300310645 /* TextConstants.swift */ = {isa = PBXFileReference; lastKnownFileType = sourcecode.swift; path = TextConstants.swift; sourceTree = "<group>"; };
/* End PBXFileReference section */

/* Begin PBXFrameworksBuildPhase section */
		2C41F6752760D96300310645 /* Frameworks */ = {
			isa = PBXFrameworksBuildPhase;
			buildActionMask = 2147483647;
			files = (
			);
			runOnlyForDeploymentPostprocessing = 0;
		};
		2C41F6852760D96800310645 /* Frameworks */ = {
			isa = PBXFrameworksBuildPhase;
			buildActionMask = 2147483647;
			files = (
			);
			runOnlyForDeploymentPostprocessing = 0;
		};
		2C41F68F2760D96800310645 /* Frameworks */ = {
			isa = PBXFrameworksBuildPhase;
			buildActionMask = 2147483647;
			files = (
			);
			runOnlyForDeploymentPostprocessing = 0;
		};
/* End PBXFrameworksBuildPhase section */

/* Begin PBXGroup section */
		2C41F66F2760D96300310645 = {
			isa = PBXGroup;
			children = (
				2C41F67A2760D96300310645 /* List-Cats */,
				2C41F68B2760D96800310645 /* List-CatsTests */,
				2C41F6952760D96800310645 /* List-CatsUITests */,
				2C41F6792760D96300310645 /* Products */,
			);
			sourceTree = "<group>";
		};
		2C41F6792760D96300310645 /* Products */ = {
			isa = PBXGroup;
			children = (
				2C41F6782760D96300310645 /* List-Cats.app */,
				2C41F6882760D96800310645 /* List-CatsTests.xctest */,
				2C41F6922760D96800310645 /* List-CatsUITests.xctest */,
			);
			name = Products;
			sourceTree = "<group>";
		};
		2C41F67A2760D96300310645 /* List-Cats */ = {
			isa = PBXGroup;
			children = (
				2C41F6C02761576200310645 /* Constants */,
				2C41F6B12760F41000310645 /* Resources */,
				2C41F6B02760F40400310645 /* Model */,
				2C41F6A82760DA2100310645 /* Application */,
				2C41F6A72760D9FA00310645 /* SupportFiles */,
				2C41F6A62760D9DE00310645 /* DetailCat */,
				2C41F6A52760D99D00310645 /* Cats */,
				2C41F67D2760D96300310645 /* ContentView.swift */,
			);
			path = "List-Cats";
			sourceTree = "<group>";
		};
		2C41F6812760D96800310645 /* Preview Content */ = {
			isa = PBXGroup;
			children = (
				2C41F6822760D96800310645 /* Preview Assets.xcassets */,
			);
			path = "Preview Content";
			sourceTree = "<group>";
		};
		2C41F68B2760D96800310645 /* List-CatsTests */ = {
			isa = PBXGroup;
			children = (
				2C41F68C2760D96800310645 /* List_CatsTests.swift */,
			);
			path = "List-CatsTests";
			sourceTree = "<group>";
		};
		2C41F6952760D96800310645 /* List-CatsUITests */ = {
			isa = PBXGroup;
			children = (
				2C41F6962760D96800310645 /* List_CatsUITests.swift */,
				2C41F6982760D96800310645 /* List_CatsUITestsLaunchTests.swift */,
			);
			path = "List-CatsUITests";
			sourceTree = "<group>";
		};
		2C41F6A52760D99D00310645 /* Cats */ = {
			isa = PBXGroup;
			children = (
				2C41F6AF2760F3EA00310645 /* Protocols */,
				2C41F6AA2760E36E00310645 /* ViewModel */,
				2C41F6A92760E36600310645 /* View */,
			);
			path = Cats;
			sourceTree = "<group>";
		};
		2C41F6A62760D9DE00310645 /* DetailCat */ = {
			isa = PBXGroup;
			children = (
				2C41F6CD276166DA00310645 /* Protocols */,
				2C41F6CC276166D200310645 /* ViewModel */,
				2C41F6CB276166C800310645 /* View */,
			);
			path = DetailCat;
			sourceTree = "<group>";
		};
		2C41F6A72760D9FA00310645 /* SupportFiles */ = {
			isa = PBXGroup;
			children = (
				2C41F67F2760D96800310645 /* Assets.xcassets */,
				2C41F6812760D96800310645 /* Preview Content */,
			);
			path = SupportFiles;
			sourceTree = "<group>";
		};
		2C41F6A82760DA2100310645 /* Application */ = {
			isa = PBXGroup;
			children = (
				2C41F67B2760D96300310645 /* List_CatsApp.swift */,
			);
			path = Application;
			sourceTree = "<group>";
		};
		2C41F6A92760E36600310645 /* View */ = {
			isa = PBXGroup;
			children = (
				2C41F6AC2760E3A300310645 /* Cell */,
			);
			path = View;
			sourceTree = "<group>";
		};
		2C41F6AA2760E36E00310645 /* ViewModel */ = {
			isa = PBXGroup;
			children = (
				2C41F6BC2761402A00310645 /* ViewModelCats.swift */,
			);
			path = ViewModel;
			sourceTree = "<group>";
		};
		2C41F6AC2760E3A300310645 /* Cell */ = {
			isa = PBXGroup;
			children = (
				2C41F6AD2760E3B500310645 /* CatCell.swift */,
			);
			path = Cell;
			sourceTree = "<group>";
		};
		2C41F6AF2760F3EA00310645 /* Protocols */ = {
			isa = PBXGroup;
			children = (
				2C41F6BE2761411B00310645 /* Protocols.swift */,
			);
			path = Protocols;
			sourceTree = "<group>";
		};
		2C41F6B02760F40400310645 /* Model */ = {
			isa = PBXGroup;
			children = (
				2C41F6BA2760F8F800310645 /* Data */,
				2C41F6B52760F56B00310645 /* UserResponse */,
			);
			path = Model;
			sourceTree = "<group>";
		};
		2C41F6B12760F41000310645 /* Resources */ = {
			isa = PBXGroup;
			children = (
				2C41F6B32760F46000310645 /* dataForCats.json */,
			);
			path = Resources;
			sourceTree = "<group>";
		};
		2C41F6B52760F56B00310645 /* UserResponse */ = {
			isa = PBXGroup;
			children = (
				2C41F6B82760F78100310645 /* UserReponse.swift */,
			);
			path = UserResponse;
			sourceTree = "<group>";
		};
		2C41F6BA2760F8F800310645 /* Data */ = {
			isa = PBXGroup;
			children = (
				2C41F6B62760F58A00310645 /* Data.swift */,
			);
			path = Data;
			sourceTree = "<group>";
		};
		2C41F6C02761576200310645 /* Constants */ = {
			isa = PBXGroup;
			children = (
				2C41F6C527615AA600310645 /* TypesConstants */,
				2C41F6C12761577800310645 /* Constants.swift */,
			);
			path = Constants;
			sourceTree = "<group>";
		};
		2C41F6C527615AA600310645 /* TypesConstants */ = {
			isa = PBXGroup;
			children = (
				2C41F6C3276157FF00310645 /* SizeConstants.swift */,
				2C41F6C627615ADA00310645 /* ButtonConstants.swift */,
				2C41F6D227616E4300310645 /* TextConstants.swift */,
			);
			path = TypesConstants;
			sourceTree = "<group>";
		};
		2C41F6CB276166C800310645 /* View */ = {
			isa = PBXGroup;
			children = (
				2C41F6C9276165A000310645 /* DetailCat.swift */,
			);
			path = View;
			sourceTree = "<group>";
		};
		2C41F6CC276166D200310645 /* ViewModel */ = {
			isa = PBXGroup;
			children = (
				2C41F6CE276168F800310645 /* DetailViewModel.swift */,
			);
			path = ViewModel;
			sourceTree = "<group>";
		};
		2C41F6CD276166DA00310645 /* Protocols */ = {
			isa = PBXGroup;
			children = (
				2C41F6D02761690800310645 /* ProtocolDetail.swift */,
			);
			path = Protocols;
			sourceTree = "<group>";
		};
/* End PBXGroup section */

/* Begin PBXNativeTarget section */
		2C41F6772760D96300310645 /* List-Cats */ = {
			isa = PBXNativeTarget;
			buildConfigurationList = 2C41F69C2760D96800310645 /* Build configuration list for PBXNativeTarget "List-Cats" */;
			buildPhases = (
				2C41F6742760D96300310645 /* Sources */,
				2C41F6752760D96300310645 /* Frameworks */,
				2C41F6762760D96300310645 /* Resources */,
			);
			buildRules = (
			);
			dependencies = (
			);
			name = "List-Cats";
			productName = "List-Cats";
			productReference = 2C41F6782760D96300310645 /* List-Cats.app */;
			productType = "com.apple.product-type.application";
		};
		2C41F6872760D96800310645 /* List-CatsTests */ = {
			isa = PBXNativeTarget;
			buildConfigurationList = 2C41F69F2760D96800310645 /* Build configuration list for PBXNativeTarget "List-CatsTests" */;
			buildPhases = (
				2C41F6842760D96800310645 /* Sources */,
				2C41F6852760D96800310645 /* Frameworks */,
				2C41F6862760D96800310645 /* Resources */,
			);
			buildRules = (
			);
			dependencies = (
				2C41F68A2760D96800310645 /* PBXTargetDependency */,
			);
			name = "List-CatsTests";
			productName = "List-CatsTests";
			productReference = 2C41F6882760D96800310645 /* List-CatsTests.xctest */;
			productType = "com.apple.product-type.bundle.unit-test";
		};
		2C41F6912760D96800310645 /* List-CatsUITests */ = {
			isa = PBXNativeTarget;
			buildConfigurationList = 2C41F6A22760D96800310645 /* Build configuration list for PBXNativeTarget "List-CatsUITests" */;
			buildPhases = (
				2C41F68E2760D96800310645 /* Sources */,
				2C41F68F2760D96800310645 /* Frameworks */,
				2C41F6902760D96800310645 /* Resources */,
			);
			buildRules = (
			);
			dependencies = (
				2C41F6942760D96800310645 /* PBXTargetDependency */,
			);
			name = "List-CatsUITests";
			productName = "List-CatsUITests";
			productReference = 2C41F6922760D96800310645 /* List-CatsUITests.xctest */;
			productType = "com.apple.product-type.bundle.ui-testing";
		};
/* End PBXNativeTarget section */

/* Begin PBXProject section */
		2C41F6702760D96300310645 /* Project object */ = {
			isa = PBXProject;
			attributes = {
				BuildIndependentTargetsInParallel = 1;
				LastSwiftUpdateCheck = 1310;
				LastUpgradeCheck = 1310;
				TargetAttributes = {
					2C41F6772760D96300310645 = {
						CreatedOnToolsVersion = 13.1;
					};
					2C41F6872760D96800310645 = {
						CreatedOnToolsVersion = 13.1;
						TestTargetID = 2C41F6772760D96300310645;
					};
					2C41F6912760D96800310645 = {
						CreatedOnToolsVersion = 13.1;
						TestTargetID = 2C41F6772760D96300310645;
					};
				};
			};
			buildConfigurationList = 2C41F6732760D96300310645 /* Build configuration list for PBXProject "List-Cats" */;
			compatibilityVersion = "Xcode 13.0";
			developmentRegion = en;
			hasScannedForEncodings = 0;
			knownRegions = (
				en,
				Base,
			);
			mainGroup = 2C41F66F2760D96300310645;
			productRefGroup = 2C41F6792760D96300310645 /* Products */;
			projectDirPath = "";
			projectRoot = "";
			targets = (
				2C41F6772760D96300310645 /* List-Cats */,
				2C41F6872760D96800310645 /* List-CatsTests */,
				2C41F6912760D96800310645 /* List-CatsUITests */,
			);
		};
/* End PBXProject section */

/* Begin PBXResourcesBuildPhase section */
		2C41F6762760D96300310645 /* Resources */ = {
			isa = PBXResourcesBuildPhase;
			buildActionMask = 2147483647;
			files = (
				2C41F6832760D96800310645 /* Preview Assets.xcassets in Resources */,
				2C41F6B42760F46000310645 /* dataForCats.json in Resources */,
				2C41F6802760D96800310645 /* Assets.xcassets in Resources */,
			);
			runOnlyForDeploymentPostprocessing = 0;
		};
		2C41F6862760D96800310645 /* Resources */ = {
			isa = PBXResourcesBuildPhase;
			buildActionMask = 2147483647;
			files = (
			);
			runOnlyForDeploymentPostprocessing = 0;
		};
		2C41F6902760D96800310645 /* Resources */ = {
			isa = PBXResourcesBuildPhase;
			buildActionMask = 2147483647;
			files = (
			);
			runOnlyForDeploymentPostprocessing = 0;
		};
/* End PBXResourcesBuildPhase section */

/* Begin PBXSourcesBuildPhase section */
		2C41F6742760D96300310645 /* Sources */ = {
			isa = PBXSourcesBuildPhase;
			buildActionMask = 2147483647;
			files = (
				2C41F6AE2760E3B500310645 /* CatCell.swift in Sources */,
				2C41F67E2760D96300310645 /* ContentView.swift in Sources */,
				2C41F6D327616E4300310645 /* TextConstants.swift in Sources */,
				2C41F6D12761690800310645 /* ProtocolDetail.swift in Sources */,
				2C41F6BF2761411B00310645 /* Protocols.swift in Sources */,
				2C41F6C727615ADA00310645 /* ButtonConstants.swift in Sources */,
				2C41F67C2760D96300310645 /* List_CatsApp.swift in Sources */,
				2C41F6B92760F78100310645 /* UserReponse.swift in Sources */,
				2C41F6B72760F58A00310645 /* Data.swift in Sources */,
				2C41F6CF276168F800310645 /* DetailViewModel.swift in Sources */,
				2C41F6BD2761402A00310645 /* ViewModelCats.swift in Sources */,
				2C41F6CA276165A000310645 /* DetailCat.swift in Sources */,
				2C41F6C22761577800310645 /* Constants.swift in Sources */,
				2C41F6C4276157FF00310645 /* SizeConstants.swift in Sources */,
			);
			runOnlyForDeploymentPostprocessing = 0;
		};
		2C41F6842760D96800310645 /* Sources */ = {
			isa = PBXSourcesBuildPhase;
			buildActionMask = 2147483647;
			files = (
				2C41F68D2760D96800310645 /* List_CatsTests.swift in Sources */,
			);
			runOnlyForDeploymentPostprocessing = 0;
		};
		2C41F68E2760D96800310645 /* Sources */ = {
			isa = PBXSourcesBuildPhase;
			buildActionMask = 2147483647;
			files = (
				2C41F6972760D96800310645 /* List_CatsUITests.swift in Sources */,
				2C41F6992760D96800310645 /* List_CatsUITestsLaunchTests.swift in Sources */,
			);
			runOnlyForDeploymentPostprocessing = 0;
		};
/* End PBXSourcesBuildPhase section */

/* Begin PBXTargetDependency section */
		2C41F68A2760D96800310645 /* PBXTargetDependency */ = {
			isa = PBXTargetDependency;
			target = 2C41F6772760D96300310645 /* List-Cats */;
			targetProxy = 2C41F6892760D96800310645 /* PBXContainerItemProxy */;
		};
		2C41F6942760D96800310645 /* PBXTargetDependency */ = {
			isa = PBXTargetDependency;
			target = 2C41F6772760D96300310645 /* List-Cats */;
			targetProxy = 2C41F6932760D96800310645 /* PBXContainerItemProxy */;
		};
/* End PBXTargetDependency section */

/* Begin XCBuildConfiguration section */
		2C41F69A2760D96800310645 /* Debug */ = {
			isa = XCBuildConfiguration;
			buildSettings = {
				ALWAYS_SEARCH_USER_PATHS = NO;
				CLANG_ANALYZER_NONNULL = YES;
				CLANG_ANALYZER_NUMBER_OBJECT_CONVERSION = YES_AGGRESSIVE;
				CLANG_CXX_LANGUAGE_STANDARD = "gnu++17";
				CLANG_CXX_LIBRARY = "libc++";
				CLANG_ENABLE_MODULES = YES;
				CLANG_ENABLE_OBJC_ARC = YES;
				CLANG_ENABLE_OBJC_WEAK = YES;
				CLANG_WARN_BLOCK_CAPTURE_AUTORELEASING = YES;
				CLANG_WARN_BOOL_CONVERSION = YES;
				CLANG_WARN_COMMA = YES;
				CLANG_WARN_CONSTANT_CONVERSION = YES;
				CLANG_WARN_DEPRECATED_OBJC_IMPLEMENTATIONS = YES;
				CLANG_WARN_DIRECT_OBJC_ISA_USAGE = YES_ERROR;
				CLANG_WARN_DOCUMENTATION_COMMENTS = YES;
				CLANG_WARN_EMPTY_BODY = YES;
				CLANG_WARN_ENUM_CONVERSION = YES;
				CLANG_WARN_INFINITE_RECURSION = YES;
				CLANG_WARN_INT_CONVERSION = YES;
				CLANG_WARN_NON_LITERAL_NULL_CONVERSION = YES;
				CLANG_WARN_OBJC_IMPLICIT_RETAIN_SELF = YES;
				CLANG_WARN_OBJC_LITERAL_CONVERSION = YES;
				CLANG_WARN_OBJC_ROOT_CLASS = YES_ERROR;
				CLANG_WARN_QUOTED_INCLUDE_IN_FRAMEWORK_HEADER = YES;
				CLANG_WARN_RANGE_LOOP_ANALYSIS = YES;
				CLANG_WARN_STRICT_PROTOTYPES = YES;
				CLANG_WARN_SUSPICIOUS_MOVE = YES;
				CLANG_WARN_UNGUARDED_AVAILABILITY = YES_AGGRESSIVE;
				CLANG_WARN_UNREACHABLE_CODE = YES;
				CLANG_WARN__DUPLICATE_METHOD_MATCH = YES;
				COPY_PHASE_STRIP = NO;
				DEBUG_INFORMATION_FORMAT = dwarf;
				ENABLE_STRICT_OBJC_MSGSEND = YES;
				ENABLE_TESTABILITY = YES;
				GCC_C_LANGUAGE_STANDARD = gnu11;
				GCC_DYNAMIC_NO_PIC = NO;
				GCC_NO_COMMON_BLOCKS = YES;
				GCC_OPTIMIZATION_LEVEL = 0;
				GCC_PREPROCESSOR_DEFINITIONS = (
					"DEBUG=1",
					"$(inherited)",
				);
				GCC_WARN_64_TO_32_BIT_CONVERSION = YES;
				GCC_WARN_ABOUT_RETURN_TYPE = YES_ERROR;
				GCC_WARN_UNDECLARED_SELECTOR = YES;
				GCC_WARN_UNINITIALIZED_AUTOS = YES_AGGRESSIVE;
				GCC_WARN_UNUSED_FUNCTION = YES;
				GCC_WARN_UNUSED_VARIABLE = YES;
				IPHONEOS_DEPLOYMENT_TARGET = 15.0;
				MTL_ENABLE_DEBUG_INFO = INCLUDE_SOURCE;
				MTL_FAST_MATH = YES;
				ONLY_ACTIVE_ARCH = YES;
				SDKROOT = iphoneos;
				SWIFT_ACTIVE_COMPILATION_CONDITIONS = DEBUG;
				SWIFT_OPTIMIZATION_LEVEL = "-Onone";
			};
			name = Debug;
		};
		2C41F69B2760D96800310645 /* Release */ = {
			isa = XCBuildConfiguration;
			buildSettings = {
				ALWAYS_SEARCH_USER_PATHS = NO;
				CLANG_ANALYZER_NONNULL = YES;
				CLANG_ANALYZER_NUMBER_OBJECT_CONVERSION = YES_AGGRESSIVE;
				CLANG_CXX_LANGUAGE_STANDARD = "gnu++17";
				CLANG_CXX_LIBRARY = "libc++";
				CLANG_ENABLE_MODULES = YES;
				CLANG_ENABLE_OBJC_ARC = YES;
				CLANG_ENABLE_OBJC_WEAK = YES;
				CLANG_WARN_BLOCK_CAPTURE_AUTORELEASING = YES;
				CLANG_WARN_BOOL_CONVERSION = YES;
				CLANG_WARN_COMMA = YES;
				CLANG_WARN_CONSTANT_CONVERSION = YES;
				CLANG_WARN_DEPRECATED_OBJC_IMPLEMENTATIONS = YES;
				CLANG_WARN_DIRECT_OBJC_ISA_USAGE = YES_ERROR;
				CLANG_WARN_DOCUMENTATION_COMMENTS = YES;
				CLANG_WARN_EMPTY_BODY = YES;
				CLANG_WARN_ENUM_CONVERSION = YES;
				CLANG_WARN_INFINITE_RECURSION = YES;
				CLANG_WARN_INT_CONVERSION = YES;
				CLANG_WARN_NON_LITERAL_NULL_CONVERSION = YES;
				CLANG_WARN_OBJC_IMPLICIT_RETAIN_SELF = YES;
				CLANG_WARN_OBJC_LITERAL_CONVERSION = YES;
				CLANG_WARN_OBJC_ROOT_CLASS = YES_ERROR;
				CLANG_WARN_QUOTED_INCLUDE_IN_FRAMEWORK_HEADER = YES;
				CLANG_WARN_RANGE_LOOP_ANALYSIS = YES;
				CLANG_WARN_STRICT_PROTOTYPES = YES;
				CLANG_WARN_SUSPICIOUS_MOVE = YES;
				CLANG_WARN_UNGUARDED_AVAILABILITY = YES_AGGRESSIVE;
				CLANG_WARN_UNREACHABLE_CODE = YES;
				CLANG_WARN__DUPLICATE_METHOD_MATCH = YES;
				COPY_PHASE_STRIP = NO;
				DEBUG_INFORMATION_FORMAT = "dwarf-with-dsym";
				ENABLE_NS_ASSERTIONS = NO;
				ENABLE_STRICT_OBJC_MSGSEND = YES;
				GCC_C_LANGUAGE_STANDARD = gnu11;
				GCC_NO_COMMON_BLOCKS = YES;
				GCC_WARN_64_TO_32_BIT_CONVERSION = YES;
				GCC_WARN_ABOUT_RETURN_TYPE = YES_ERROR;
				GCC_WARN_UNDECLARED_SELECTOR = YES;
				GCC_WARN_UNINITIALIZED_AUTOS = YES_AGGRESSIVE;
				GCC_WARN_UNUSED_FUNCTION = YES;
				GCC_WARN_UNUSED_VARIABLE = YES;
				IPHONEOS_DEPLOYMENT_TARGET = 15.0;
				MTL_ENABLE_DEBUG_INFO = NO;
				MTL_FAST_MATH = YES;
				SDKROOT = iphoneos;
				SWIFT_COMPILATION_MODE = wholemodule;
				SWIFT_OPTIMIZATION_LEVEL = "-O";
				VALIDATE_PRODUCT = YES;
			};
			name = Release;
		};
		2C41F69D2760D96800310645 /* Debug */ = {
			isa = XCBuildConfiguration;
			buildSettings = {
				ASSETCATALOG_COMPILER_APPICON_NAME = AppIcon;
				ASSETCATALOG_COMPILER_GLOBAL_ACCENT_COLOR_NAME = AccentColor;
				CODE_SIGN_STYLE = Automatic;
				CURRENT_PROJECT_VERSION = 1;
				DEVELOPMENT_ASSET_PATHS = "\"List-Cats/SupportFiles/Preview Content\"";
				DEVELOPMENT_TEAM = G42X5ZY7A9;
				ENABLE_PREVIEWS = YES;
				GENERATE_INFOPLIST_FILE = YES;
				INFOPLIST_KEY_UIApplicationSceneManifest_Generation = YES;
				INFOPLIST_KEY_UIApplicationSupportsIndirectInputEvents = YES;
				INFOPLIST_KEY_UILaunchScreen_Generation = YES;
				INFOPLIST_KEY_UISupportedInterfaceOrientations_iPad = "UIInterfaceOrientationPortrait UIInterfaceOrientationPortraitUpsideDown UIInterfaceOrientationLandscapeLeft UIInterfaceOrientationLandscapeRight";
				INFOPLIST_KEY_UISupportedInterfaceOrientations_iPhone = "UIInterfaceOrientationPortrait UIInterfaceOrientationLandscapeLeft UIInterfaceOrientationLandscapeRight";
				LD_RUNPATH_SEARCH_PATHS = (
					"$(inherited)",
					"@executable_path/Frameworks",
				);
				MARKETING_VERSION = 1.0;
				PRODUCT_BUNDLE_IDENTIFIER = "PtrkProd.List-Cats";
				PRODUCT_NAME = "$(TARGET_NAME)";
				SWIFT_EMIT_LOC_STRINGS = YES;
				SWIFT_VERSION = 5.0;
				TARGETED_DEVICE_FAMILY = "1,2";
			};
			name = Debug;
		};
		2C41F69E2760D96800310645 /* Release */ = {
			isa = XCBuildConfiguration;
			buildSettings = {
				ASSETCATALOG_COMPILER_APPICON_NAME = AppIcon;
				ASSETCATALOG_COMPILER_GLOBAL_ACCENT_COLOR_NAME = AccentColor;
				CODE_SIGN_STYLE = Automatic;
				CURRENT_PROJECT_VERSION = 1;
				DEVELOPMENT_ASSET_PATHS = "\"List-Cats/SupportFiles/Preview Content\"";
				DEVELOPMENT_TEAM = G42X5ZY7A9;
				ENABLE_PREVIEWS = YES;
				GENERATE_INFOPLIST_FILE = YES;
				INFOPLIST_KEY_UIApplicationSceneManifest_Generation = YES;
				INFOPLIST_KEY_UIApplicationSupportsIndirectInputEvents = YES;
				INFOPLIST_KEY_UILaunchScreen_Generation = YES;
				INFOPLIST_KEY_UISupportedInterfaceOrientations_iPad = "UIInterfaceOrientationPortrait UIInterfaceOrientationPortraitUpsideDown UIInterfaceOrientationLandscapeLeft UIInterfaceOrientationLandscapeRight";
				INFOPLIST_KEY_UISupportedInterfaceOrientations_iPhone = "UIInterfaceOrientationPortrait UIInterfaceOrientationLandscapeLeft UIInterfaceOrientationLandscapeRight";
				LD_RUNPATH_SEARCH_PATHS = (
					"$(inherited)",
					"@executable_path/Frameworks",
				);
				MARKETING_VERSION = 1.0;
				PRODUCT_BUNDLE_IDENTIFIER = "PtrkProd.List-Cats";
				PRODUCT_NAME = "$(TARGET_NAME)";
				SWIFT_EMIT_LOC_STRINGS = YES;
				SWIFT_VERSION = 5.0;
				TARGETED_DEVICE_FAMILY = "1,2";
			};
			name = Release;
		};
		2C41F6A02760D96800310645 /* Debug */ = {
			isa = XCBuildConfiguration;
			buildSettings = {
				ALWAYS_EMBED_SWIFT_STANDARD_LIBRARIES = YES;
				BUNDLE_LOADER = "$(TEST_HOST)";
				CODE_SIGN_STYLE = Automatic;
				CURRENT_PROJECT_VERSION = 1;
				DEVELOPMENT_TEAM = G42X5ZY7A9;
				GENERATE_INFOPLIST_FILE = YES;
				IPHONEOS_DEPLOYMENT_TARGET = 15.0;
				LD_RUNPATH_SEARCH_PATHS = (
					"$(inherited)",
					"@executable_path/Frameworks",
					"@loader_path/Frameworks",
				);
				MARKETING_VERSION = 1.0;
				PRODUCT_BUNDLE_IDENTIFIER = "PtrkProd.List-CatsTests";
				PRODUCT_NAME = "$(TARGET_NAME)";
				SWIFT_EMIT_LOC_STRINGS = NO;
				SWIFT_VERSION = 5.0;
				TARGETED_DEVICE_FAMILY = "1,2";
				TEST_HOST = "$(BUILT_PRODUCTS_DIR)/List-Cats.app/List-Cats";
			};
			name = Debug;
		};
		2C41F6A12760D96800310645 /* Release */ = {
			isa = XCBuildConfiguration;
			buildSettings = {
				ALWAYS_EMBED_SWIFT_STANDARD_LIBRARIES = YES;
				BUNDLE_LOADER = "$(TEST_HOST)";
				CODE_SIGN_STYLE = Automatic;
				CURRENT_PROJECT_VERSION = 1;
				DEVELOPMENT_TEAM = G42X5ZY7A9;
				GENERATE_INFOPLIST_FILE = YES;
				IPHONEOS_DEPLOYMENT_TARGET = 15.0;
				LD_RUNPATH_SEARCH_PATHS = (
					"$(inherited)",
					"@executable_path/Frameworks",
					"@loader_path/Frameworks",
				);
				MARKETING_VERSION = 1.0;
				PRODUCT_BUNDLE_IDENTIFIER = "PtrkProd.List-CatsTests";
				PRODUCT_NAME = "$(TARGET_NAME)";
				SWIFT_EMIT_LOC_STRINGS = NO;
				SWIFT_VERSION = 5.0;
				TARGETED_DEVICE_FAMILY = "1,2";
				TEST_HOST = "$(BUILT_PRODUCTS_DIR)/List-Cats.app/List-Cats";
			};
			name = Release;
		};
		2C41F6A32760D96800310645 /* Debug */ = {
			isa = XCBuildConfiguration;
			buildSettings = {
				ALWAYS_EMBED_SWIFT_STANDARD_LIBRARIES = YES;
				CODE_SIGN_STYLE = Automatic;
				CURRENT_PROJECT_VERSION = 1;
				DEVELOPMENT_TEAM = G42X5ZY7A9;
				GENERATE_INFOPLIST_FILE = YES;
				LD_RUNPATH_SEARCH_PATHS = (
					"$(inherited)",
					"@executable_path/Frameworks",
					"@loader_path/Frameworks",
				);
				MARKETING_VERSION = 1.0;
				PRODUCT_BUNDLE_IDENTIFIER = "PtrkProd.List-CatsUITests";
				PRODUCT_NAME = "$(TARGET_NAME)";
				SWIFT_EMIT_LOC_STRINGS = NO;
				SWIFT_VERSION = 5.0;
				TARGETED_DEVICE_FAMILY = "1,2";
				TEST_TARGET_NAME = "List-Cats";
			};
			name = Debug;
		};
		2C41F6A42760D96800310645 /* Release */ = {
			isa = XCBuildConfiguration;
			buildSettings = {
				ALWAYS_EMBED_SWIFT_STANDARD_LIBRARIES = YES;
				CODE_SIGN_STYLE = Automatic;
				CURRENT_PROJECT_VERSION = 1;
				DEVELOPMENT_TEAM = G42X5ZY7A9;
				GENERATE_INFOPLIST_FILE = YES;
				LD_RUNPATH_SEARCH_PATHS = (
					"$(inherited)",
					"@executable_path/Frameworks",
					"@loader_path/Frameworks",
				);
				MARKETING_VERSION = 1.0;
				PRODUCT_BUNDLE_IDENTIFIER = "PtrkProd.List-CatsUITests";
				PRODUCT_NAME = "$(TARGET_NAME)";
				SWIFT_EMIT_LOC_STRINGS = NO;
				SWIFT_VERSION = 5.0;
				TARGETED_DEVICE_FAMILY = "1,2";
				TEST_TARGET_NAME = "List-Cats";
			};
			name = Release;
		};
/* End XCBuildConfiguration section */

/* Begin XCConfigurationList section */
		2C41F6732760D96300310645 /* Build configuration list for PBXProject "List-Cats" */ = {
			isa = XCConfigurationList;
			buildConfigurations = (
				2C41F69A2760D96800310645 /* Debug */,
				2C41F69B2760D96800310645 /* Release */,
			);
			defaultConfigurationIsVisible = 0;
			defaultConfigurationName = Release;
		};
		2C41F69C2760D96800310645 /* Build configuration list for PBXNativeTarget "List-Cats" */ = {
			isa = XCConfigurationList;
			buildConfigurations = (
				2C41F69D2760D96800310645 /* Debug */,
				2C41F69E2760D96800310645 /* Release */,
			);
			defaultConfigurationIsVisible = 0;
			defaultConfigurationName = Release;
		};
		2C41F69F2760D96800310645 /* Build configuration list for PBXNativeTarget "List-CatsTests" */ = {
			isa = XCConfigurationList;
			buildConfigurations = (
				2C41F6A02760D96800310645 /* Debug */,
				2C41F6A12760D96800310645 /* Release */,
			);
			defaultConfigurationIsVisible = 0;
			defaultConfigurationName = Release;
		};
		2C41F6A22760D96800310645 /* Build configuration list for PBXNativeTarget "List-CatsUITests" */ = {
			isa = XCConfigurationList;
			buildConfigurations = (
				2C41F6A32760D96800310645 /* Debug */,
				2C41F6A42760D96800310645 /* Release */,
			);
			defaultConfigurationIsVisible = 0;
			defaultConfigurationName = Release;
		};
/* End XCConfigurationList section */
	};
	rootObject = 2C41F6702760D96300310645 /* Project object */;
}
